// !$*UTF8*$!
{
	archiveVersion = 1;
	classes = {
	};
	objectVersion = 56;
	objects = {

/* Begin PBXBuildFile section */
		AA100001 /* DigitApp.swift in Sources */ = {isa = PBXBuildFile; fileRef = AA000001; };
		AA100002 /* RepoConfig.swift in Sources */ = {isa = PBXBuildFile; fileRef = AA000002; };
		AA100003 /* Branch.swift in Sources */ = {isa = PBXBuildFile; fileRef = AA000003; };
		AA100004 /* BranchComparison.swift in Sources */ = {isa = PBXBuildFile; fileRef = AA000004; };
		AA100005 /* GitService.swift in Sources */ = {isa = PBXBuildFile; fileRef = AA000005; };
		AA100006 /* RepoStore.swift in Sources */ = {isa = PBXBuildFile; fileRef = AA000006; };
		AA100007 /* RepoViewModel.swift in Sources */ = {isa = PBXBuildFile; fileRef = AA000007; };
		AA100008 /* ContentView.swift in Sources */ = {isa = PBXBuildFile; fileRef = AA000008; };
		AA100009 /* SidebarView.swift in Sources */ = {isa = PBXBuildFile; fileRef = AA000009; };
		AA10000A /* HeaderView.swift in Sources */ = {isa = PBXBuildFile; fileRef = AA00000A; };
		AA10000B /* BranchGridView.swift in Sources */ = {isa = PBXBuildFile; fileRef = AA00000B; };
		AA10000C /* BranchRowView.swift in Sources */ = {isa = PBXBuildFile; fileRef = AA00000C; };
		AA10000D /* ComparisonCellView.swift in Sources */ = {isa = PBXBuildFile; fileRef = AA00000D; };
		AA10000E /* CommitListView.swift in Sources */ = {isa = PBXBuildFile; fileRef = AA00000E; };
		AA10000F /* SettingsView.swift in Sources */ = {isa = PBXBuildFile; fileRef = AA00000F; };
		AA100010 /* Assets.xcassets in Resources */ = {isa = PBXBuildFile; fileRef = AA000010; };
		AA100011 /* DiscoveryService.swift in Sources */ = {isa = PBXBuildFile; fileRef = AA000012; };
		AA100013 /* HelpView.swift in Sources */ = {isa = PBXBuildFile; fileRef = AA000013; };
/* End PBXBuildFile section */

/* Begin PBXFileReference section */
		AA000001 /* DigitApp.swift */ = {isa = PBXFileReference; lastKnownFileType = sourcecode.swift; path = DigitApp.swift; sourceTree = "<group>"; };
		AA000002 /* RepoConfig.swift */ = {isa = PBXFileReference; lastKnownFileType = sourcecode.swift; path = RepoConfig.swift; sourceTree = "<group>"; };
		AA000003 /* Branch.swift */ = {isa = PBXFileReference; lastKnownFileType = sourcecode.swift; path = Branch.swift; sourceTree = "<group>"; };
		AA000004 /* BranchComparison.swift */ = {isa = PBXFileReference; lastKnownFileType = sourcecode.swift; path = BranchComparison.swift; sourceTree = "<group>"; };
		AA000005 /* GitService.swift */ = {isa = PBXFileReference; lastKnownFileType = sourcecode.swift; path = GitService.swift; sourceTree = "<group>"; };
		AA000006 /* RepoStore.swift */ = {isa = PBXFileReference; lastKnownFileType = sourcecode.swift; path = RepoStore.swift; sourceTree = "<group>"; };
		AA000007 /* RepoViewModel.swift */ = {isa = PBXFileReference; lastKnownFileType = sourcecode.swift; path = RepoViewModel.swift; sourceTree = "<group>"; };
		AA000008 /* ContentView.swift */ = {isa = PBXFileReference; lastKnownFileType = sourcecode.swift; path = ContentView.swift; sourceTree = "<group>"; };
		AA000009 /* SidebarView.swift */ = {isa = PBXFileReference; lastKnownFileType = sourcecode.swift; path = SidebarView.swift; sourceTree = "<group>"; };
		AA00000A /* HeaderView.swift */ = {isa = PBXFileReference; lastKnownFileType = sourcecode.swift; path = HeaderView.swift; sourceTree = "<group>"; };
		AA00000B /* BranchGridView.swift */ = {isa = PBXFileReference; lastKnownFileType = sourcecode.swift; path = BranchGridView.swift; sourceTree = "<group>"; };
		AA00000C /* BranchRowView.swift */ = {isa = PBXFileReference; lastKnownFileType = sourcecode.swift; path = BranchRowView.swift; sourceTree = "<group>"; };
		AA00000D /* ComparisonCellView.swift */ = {isa = PBXFileReference; lastKnownFileType = sourcecode.swift; path = ComparisonCellView.swift; sourceTree = "<group>"; };
		AA00000E /* CommitListView.swift */ = {isa = PBXFileReference; lastKnownFileType = sourcecode.swift; path = CommitListView.swift; sourceTree = "<group>"; };
		AA00000F /* SettingsView.swift */ = {isa = PBXFileReference; lastKnownFileType = sourcecode.swift; path = SettingsView.swift; sourceTree = "<group>"; };
		AA000010 /* Assets.xcassets */ = {isa = PBXFileReference; lastKnownFileType = folder.assetcatalog; path = Assets.xcassets; sourceTree = "<group>"; };
		AA000011 /* Digit.entitlements */ = {isa = PBXFileReference; lastKnownFileType = text.plist.entitlements; path = Digit.entitlements; sourceTree = "<group>"; };
		AA000012 /* DiscoveryService.swift */ = {isa = PBXFileReference; lastKnownFileType = sourcecode.swift; path = DiscoveryService.swift; sourceTree = "<group>"; };
		AA000013 /* HelpView.swift */ = {isa = PBXFileReference; lastKnownFileType = sourcecode.swift; path = HelpView.swift; sourceTree = "<group>"; };
		DD000001 /* Digit.app */ = {isa = PBXFileReference; explicitFileType = wrapper.application; includeInIndex = 0; path = Digit.app; sourceTree = BUILT_PRODUCTS_DIR; };
/* End PBXFileReference section */

/* Begin PBXFrameworksBuildPhase section */
		FF000002 /* Frameworks */ = {
			isa = PBXFrameworksBuildPhase;
			buildActionMask = 2147483647;
			files = (
			);
			runOnlyForDeploymentPostprocessing = 0;
		};
/* End PBXFrameworksBuildPhase section */

/* Begin PBXGroup section */
		CC000001 /* = Digit */ = {
			isa = PBXGroup;
			children = (
				AA000001 /* DigitApp.swift */,
				CC000002 /* Models */,
				CC000003 /* Services */,
				CC000004 /* ViewModels */,
				CC000005 /* Views */,
				AA000010 /* Assets.xcassets */,
				AA000011 /* Digit.entitlements */,
			);
			path = Digit;
			sourceTree = "<group>";
		};
		CC000002 /* Models */ = {
			isa = PBXGroup;
			children = (
				AA000002 /* RepoConfig.swift */,
				AA000003 /* Branch.swift */,
				AA000004 /* BranchComparison.swift */,
			);
			path = Models;
			sourceTree = "<group>";
		};
		CC000003 /* Services */ = {
			isa = PBXGroup;
			children = (
				AA000005 /* GitService.swift */,
				AA000006 /* RepoStore.swift */,
				AA000012 /* DiscoveryService.swift */,
			);
			path = Services;
			sourceTree = "<group>";
		};
		CC000004 /* ViewModels */ = {
			isa = PBXGroup;
			children = (
				AA000007 /* RepoViewModel.swift */,
			);
			path = ViewModels;
			sourceTree = "<group>";
		};
		CC000005 /* Views */ = {
			isa = PBXGroup;
			children = (
				AA000008 /* ContentView.swift */,
				AA000009 /* SidebarView.swift */,
				AA00000A /* HeaderView.swift */,
				AA00000B /* BranchGridView.swift */,
				AA00000C /* BranchRowView.swift */,
				AA00000D /* ComparisonCellView.swift */,
				AA00000E /* CommitListView.swift */,
				AA00000F /* SettingsView.swift */,
				AA000013 /* HelpView.swift */,
			);
			path = Views;
			sourceTree = "<group>";
		};
		CC000006 /* root */ = {
			isa = PBXGroup;
			children = (
				CC000001 /* Digit */,
				CC000007 /* Products */,
			);
			sourceTree = "<group>";
		};
		CC000007 /* Products */ = {
			isa = PBXGroup;
			children = (
				DD000001 /* Digit.app */,
			);
			name = Products;
			sourceTree = "<group>";
		};
/* End PBXGroup section */

/* Begin PBXNativeTarget section */
		EE000001 /* Digit */ = {
			isa = PBXNativeTarget;
			buildConfigurationList = 12000002 /* Build configuration list for PBXNativeTarget "Digit" */;
			buildPhases = (
				FF000001 /* Sources */,
				FF000002 /* Frameworks */,
				FF000003 /* Resources */,
			);
			buildRules = (
			);
			dependencies = (
			);
			name = Digit;
			productName = Digit;
			productReference = DD000001 /* Digit.app */;
			productType = "com.apple.product-type.application";
		};
/* End PBXNativeTarget section */

/* Begin PBXProject section */
		0A000001 /* Project object */ = {
			isa = PBXProject;
			attributes = {
				BuildIndependentTargetsInParallel = 1;
				LastSwiftUpdateCheck = 1540;
				LastUpgradeCheck = 1540;
			};
			buildConfigurationList = 12000001 /* Build configuration list for PBXProject "Digit" */;
			compatibilityVersion = "Xcode 14.0";
			developmentRegion = en;
			hasScannedForEncodings = 0;
			knownRegions = (
				en,
				Base,
			);
			mainGroup = CC000006;
			productRefGroup = CC000007 /* Products */;
			projectDirPath = "";
			projectRoot = "";
			targets = (
				EE000001 /* Digit */,
			);
		};
/* End PBXProject section */

/* Begin PBXResourcesBuildPhase section */
		FF000003 /* Resources */ = {
			isa = PBXResourcesBuildPhase;
			buildActionMask = 2147483647;
			files = (
				AA100010 /* Assets.xcassets in Resources */,
			);
			runOnlyForDeploymentPostprocessing = 0;
		};
/* End PBXResourcesBuildPhase section */

/* Begin PBXSourcesBuildPhase section */
		FF000001 /* Sources */ = {
			isa = PBXSourcesBuildPhase;
			buildActionMask = 2147483647;
			files = (
				AA100001 /* DigitApp.swift in Sources */,
				AA100002 /* RepoConfig.swift in Sources */,
				AA100003 /* Branch.swift in Sources */,
				AA100004 /* BranchComparison.swift in Sources */,
				AA100005 /* GitService.swift in Sources */,
				AA100006 /* RepoStore.swift in Sources */,
				AA100007 /* RepoViewModel.swift in Sources */,
				AA100008 /* ContentView.swift in Sources */,
				AA100009 /* SidebarView.swift in Sources */,
				AA10000A /* HeaderView.swift in Sources */,
				AA10000B /* BranchGridView.swift in Sources */,
				AA10000C /* BranchRowView.swift in Sources */,
				AA10000D /* ComparisonCellView.swift in Sources */,
				AA10000E /* CommitListView.swift in Sources */,
				AA10000F /* SettingsView.swift in Sources */,
				AA100011 /* DiscoveryService.swift in Sources */,
				AA100013 /* HelpView.swift in Sources */,
			);
			runOnlyForDeploymentPostprocessing = 0;
		};
/* End PBXSourcesBuildPhase section */

/* Begin XCBuildConfiguration section */
		11000001 /* Debug */ = {
			isa = XCBuildConfiguration;
			buildSettings = {
				ALWAYS_SEARCH_USER_PATHS = NO;
				ASSETCATALOG_COMPILER_GENERATE_SWIFT_ASSET_SYMBOL_EXTENSIONS = YES;
				CLANG_ANALYZER_NONNULL = YES;
				CLANG_ANALYZER_NUMBER_OBJECT_CONVERSION = YES_AGGRESSIVE;
				CLANG_CXX_LANGUAGE_STANDARD = "gnu++20";
				CLANG_ENABLE_MODULES = YES;
				CLANG_ENABLE_OBJC_ARC = YES;
				CLANG_ENABLE_OBJC_WEAK = YES;
				CLANG_WARN_BLOCK_CAPTURE_AUTORELEASING = YES;
				CLANG_WARN_BOOL_CONVERSION = YES;
				CLANG_WARN_COMMA = YES;
				CLANG_WARN_CONSTANT_CONVERSION = YES;
				CLANG_WARN_DEPRECATED_OBJC_IMPLEMENTATIONS = YES;
				CLANG_WARN_DIRECT_OBJC_ISA_USAGE = YES_ERROR;
				CLANG_WARN_DOCUMENTATION_COMMENTS = YES;
				CLANG_WARN_EMPTY_BODY = YES;
				CLANG_WARN_ENUM_CONVERSION = YES;
				CLANG_WARN_INFINITE_RECURSION = YES;
				CLANG_WARN_INT_CONVERSION = YES;
				CLANG_WARN_NON_LITERAL_NULL_CONVERSION = YES;
				CLANG_WARN_OBJC_IMPLICIT_RETAIN_SELF = YES;
				CLANG_WARN_OBJC_LITERAL_CONVERSION = YES;
				CLANG_WARN_OBJC_ROOT_CLASS = YES_ERROR;
				CLANG_WARN_QUOTED_INCLUDE_IN_FRAMEWORK_HEADER = YES;
				CLANG_WARN_RANGE_LOOP_ANALYSIS = YES;
				CLANG_WARN_STRICT_PROTOTYPES = YES;
				CLANG_WARN_SUSPICIOUS_MOVE = YES;
				CLANG_WARN_UNGUARDED_AVAILABILITY = YES_AGGRESSIVE;
				CLANG_WARN_UNREACHABLE_CODE = YES;
				CLANG_WARN__DUPLICATE_METHOD_MATCH = YES;
				COPY_PHASE_STRIP = NO;
				DEBUG_INFORMATION_FORMAT = dwarf;
				ENABLE_STRICT_OBJC_MSGSEND = YES;
				ENABLE_TESTABILITY = YES;
				ENABLE_USER_SCRIPT_SANDBOXING = YES;
				GCC_C_LANGUAGE_STANDARD = gnu17;
				GCC_DYNAMIC_NO_PIC = NO;
				GCC_NO_COMMON_BLOCKS = YES;
				GCC_OPTIMIZATION_LEVEL = 0;
				GCC_PREPROCESSOR_DEFINITIONS = (
					"DEBUG=1",
					"$(inherited)",
				);
				GCC_WARN_64_TO_32_BIT_CONVERSION = YES;
				GCC_WARN_ABOUT_RETURN_TYPE = YES_ERROR;
				GCC_WARN_UNDECLARED_SELECTOR = YES;
				GCC_WARN_UNINITIALIZED_AUTOS = YES_AGGRESSIVE;
				GCC_WARN_UNUSED_FUNCTION = YES;
				GCC_WARN_UNUSED_VARIABLE = YES;
				MACOSX_DEPLOYMENT_TARGET = 14.0;
				MTL_ENABLE_DEBUG_INFO = INCLUDE_SOURCE;
				MTL_FAST_MATH = YES;
				ONLY_ACTIVE_ARCH = YES;
				SDKROOT = macosx;
				SWIFT_ACTIVE_COMPILATION_CONDITIONS = "DEBUG $(inherited)";
				SWIFT_OPTIMIZATION_LEVEL = "-Onone";
			};
			name = Debug;
		};
		11000002 /* Release */ = {
			isa = XCBuildConfiguration;
			buildSettings = {
				ALWAYS_SEARCH_USER_PATHS = NO;
				ASSETCATALOG_COMPILER_GENERATE_SWIFT_ASSET_SYMBOL_EXTENSIONS = YES;
				CLANG_ANALYZER_NONNULL = YES;
				CLANG_ANALYZER_NUMBER_OBJECT_CONVERSION = YES_AGGRESSIVE;
				CLANG_CXX_LANGUAGE_STANDARD = "gnu++20";
				CLANG_ENABLE_MODULES = YES;
				CLANG_ENABLE_OBJC_ARC = YES;
				CLANG_ENABLE_OBJC_WEAK = YES;
				CLANG_WARN_BLOCK_CAPTURE_AUTORELEASING = YES;
				CLANG_WARN_BOOL_CONVERSION = YES;
				CLANG_WARN_COMMA = YES;
				CLANG_WARN_CONSTANT_CONVERSION = YES;
				CLANG_WARN_DEPRECATED_OBJC_IMPLEMENTATIONS = YES;
				CLANG_WARN_DIRECT_OBJC_ISA_USAGE = YES_ERROR;
				CLANG_WARN_DOCUMENTATION_COMMENTS = YES;
				CLANG_WARN_EMPTY_BODY = YES;
				CLANG_WARN_ENUM_CONVERSION = YES;
				CLANG_WARN_INFINITE_RECURSION = YES;
				CLANG_WARN_INT_CONVERSION = YES;
				CLANG_WARN_NON_LITERAL_NULL_CONVERSION = YES;
				CLANG_WARN_OBJC_IMPLICIT_RETAIN_SELF = YES;
				CLANG_WARN_OBJC_LITERAL_CONVERSION = YES;
				CLANG_WARN_OBJC_ROOT_CLASS = YES_ERROR;
				CLANG_WARN_QUOTED_INCLUDE_IN_FRAMEWORK_HEADER = YES;
				CLANG_WARN_RANGE_LOOP_ANALYSIS = YES;
				CLANG_WARN_STRICT_PROTOTYPES = YES;
				CLANG_WARN_SUSPICIOUS_MOVE = YES;
				CLANG_WARN_UNGUARDED_AVAILABILITY = YES_AGGRESSIVE;
				CLANG_WARN_UNREACHABLE_CODE = YES;
				CLANG_WARN__DUPLICATE_METHOD_MATCH = YES;
				COPY_PHASE_STRIP = NO;
				DEBUG_INFORMATION_FORMAT = "dwarf-with-dsym";
				ENABLE_NS_ASSERTIONS = NO;
				ENABLE_STRICT_OBJC_MSGSEND = YES;
				ENABLE_USER_SCRIPT_SANDBOXING = YES;
				GCC_C_LANGUAGE_STANDARD = gnu17;
				GCC_NO_COMMON_BLOCKS = YES;
				GCC_WARN_64_TO_32_BIT_CONVERSION = YES;
				GCC_WARN_ABOUT_RETURN_TYPE = YES_ERROR;
				GCC_WARN_UNDECLARED_SELECTOR = YES;
				GCC_WARN_UNINITIALIZED_AUTOS = YES_AGGRESSIVE;
				GCC_WARN_UNUSED_FUNCTION = YES;
				GCC_WARN_UNUSED_VARIABLE = YES;
				MACOSX_DEPLOYMENT_TARGET = 14.0;
				MTL_ENABLE_DEBUG_INFO = NO;
				MTL_FAST_MATH = YES;
				SDKROOT = macosx;
				SWIFT_COMPILATION_MODE = wholemodule;
			};
			name = Release;
		};
		11000003 /* Debug */ = {
			isa = XCBuildConfiguration;
			buildSettings = {
				ASSETCATALOG_COMPILER_APPICON_NAME = AppIcon;
				ASSETCATALOG_COMPILER_GLOBAL_ACCENT_COLOR_NAME = AccentColor;
				CODE_SIGN_ENTITLEMENTS = Digit/Digit.entitlements;
				CODE_SIGN_STYLE = Automatic;
				COMBINE_HIDPI_IMAGES = YES;
				CURRENT_PROJECT_VERSION = 1;
				DEVELOPMENT_TEAM = "";
				ENABLE_HARDENED_RUNTIME = YES;
				GENERATE_INFOPLIST_FILE = YES;
				INFOPLIST_KEY_LSApplicationCategoryType = "public.app-category.developer-tools";
				INFOPLIST_KEY_NSHumanReadableCopyright = "";
				LD_RUNPATH_SEARCH_PATHS = (
					"$(inherited)",
					"@executable_path/../Frameworks",
				);
				MARKETING_VERSION = 1.0;
				PRODUCT_BUNDLE_IDENTIFIER = com.digit.app;
				PRODUCT_NAME = "$(TARGET_NAME)";
				SWIFT_EMIT_LOC_STRINGS = YES;
				SWIFT_STRICT_CONCURRENCY = complete;
				SWIFT_VERSION = 5.0;
			};
			name = Debug;
		};
		11000004 /* Release */ = {
			isa = XCBuildConfiguration;
			buildSettings = {
				ASSETCATALOG_COMPILER_APPICON_NAME = AppIcon;
				ASSETCATALOG_COMPILER_GLOBAL_ACCENT_COLOR_NAME = AccentColor;
				CODE_SIGN_ENTITLEMENTS = Digit/Digit.entitlements;
				CODE_SIGN_STYLE = Automatic;
				COMBINE_HIDPI_IMAGES = YES;
				CURRENT_PROJECT_VERSION = 1;
				DEVELOPMENT_TEAM = "";
				ENABLE_HARDENED_RUNTIME = YES;
				GENERATE_INFOPLIST_FILE = YES;
				INFOPLIST_KEY_LSApplicationCategoryType = "public.app-category.developer-tools";
				INFOPLIST_KEY_NSHumanReadableCopyright = "";
				LD_RUNPATH_SEARCH_PATHS = (
					"$(inherited)",
					"@executable_path/../Frameworks",
				);
				MARKETING_VERSION = 1.0;
				PRODUCT_BUNDLE_IDENTIFIER = com.digit.app;
				PRODUCT_NAME = "$(TARGET_NAME)";
				SWIFT_EMIT_LOC_STRINGS = YES;
				SWIFT_STRICT_CONCURRENCY = complete;
				SWIFT_VERSION = 5.0;
			};
			name = Release;
		};
/* End XCBuildConfiguration section */

/* Begin XCConfigurationList section */
		12000001 /* Build configuration list for PBXProject "Digit" */ = {
			isa = XCConfigurationList;
			buildConfigurations = (
				11000001 /* Debug */,
				11000002 /* Release */,
			);
			defaultConfigurationIsVisible = 0;
			defaultConfigurationName = Release;
		};
		12000002 /* Build configuration list for PBXNativeTarget "Digit" */ = {
			isa = XCConfigurationList;
			buildConfigurations = (
				11000003 /* Debug */,
				11000004 /* Release */,
			);
			defaultConfigurationIsVisible = 0;
			defaultConfigurationName = Release;
		};
/* End XCConfigurationList section */

	};
	rootObject = 0A000001 /* Project object */;
}
